// !$*UTF8*$!
{
	archiveVersion = 1;
	classes = {
	};
	objectVersion = 46;
	objects = {

/* Begin PBXBuildFile section */
		D22E63C01EC09C7000F78A24 /* AppDelegate.swift in Sources */ = {isa = PBXBuildFile; fileRef = D22E63BF1EC09C7000F78A24 /* AppDelegate.swift */; };
		D22E63C21EC09C7000F78A24 /* ViewController.swift in Sources */ = {isa = PBXBuildFile; fileRef = D22E63C11EC09C7000F78A24 /* ViewController.swift */; };
		D22E63C51EC09C7000F78A24 /* Main.storyboard in Resources */ = {isa = PBXBuildFile; fileRef = D22E63C31EC09C7000F78A24 /* Main.storyboard */; };
		D22E63C71EC09C7000F78A24 /* Assets.xcassets in Resources */ = {isa = PBXBuildFile; fileRef = D22E63C61EC09C7000F78A24 /* Assets.xcassets */; };
		D22E63CA1EC09C7000F78A24 /* LaunchScreen.storyboard in Resources */ = {isa = PBXBuildFile; fileRef = D22E63C81EC09C7000F78A24 /* LaunchScreen.storyboard */; };
/* End PBXBuildFile section */

/* Begin PBXFileReference section */
		D22E63BC1EC09C7000F78A24 /* TaskApp3.app */ = {isa = PBXFileReference; explicitFileType = wrapper.application; includeInIndex = 0; path = TaskApp3.app; sourceTree = BUILT_PRODUCTS_DIR; };
		D22E63BF1EC09C7000F78A24 /* AppDelegate.swift */ = {isa = PBXFileReference; lastKnownFileType = sourcecode.swift; path = AppDelegate.swift; sourceTree = "<group>"; };
		D22E63C11EC09C7000F78A24 /* ViewController.swift */ = {isa = PBXFileReference; lastKnownFileType = sourcecode.swift; path = ViewController.swift; sourceTree = "<group>"; };
		D22E63C41EC09C7000F78A24 /* Base */ = {isa = PBXFileReference; lastKnownFileType = file.storyboard; name = Base; path = Base.lproj/Main.storyboard; sourceTree = "<group>"; };
		D22E63C61EC09C7000F78A24 /* Assets.xcassets */ = {isa = PBXFileReference; lastKnownFileType = folder.assetcatalog; path = Assets.xcassets; sourceTree = "<group>"; };
		D22E63C91EC09C7000F78A24 /* Base */ = {isa = PBXFileReference; lastKnownFileType = file.storyboard; name = Base; path = Base.lproj/LaunchScreen.storyboard; sourceTree = "<group>"; };
		D22E63CB1EC09C7000F78A24 /* Info.plist */ = {isa = PBXFileReference; lastKnownFileType = text.plist.xml; path = Info.plist; sourceTree = "<group>"; };
/* End PBXFileReference section */

/* Begin PBXFrameworksBuildPhase section */
		D22E63B91EC09C7000F78A24 /* Frameworks */ = {
			isa = PBXFrameworksBuildPhase;
			buildActionMask = 2147483647;
			files = (
			);
			runOnlyForDeploymentPostprocessing = 0;
		};
/* End PBXFrameworksBuildPhase section */

/* Begin PBXGroup section */
		D22E63B31EC09C7000F78A24 = {
			isa = PBXGroup;
			children = (
				D22E63BE1EC09C7000F78A24 /* TaskApp3 */,
				D22E63BD1EC09C7000F78A24 /* Products */,
			);
			sourceTree = "<group>";
		};
		D22E63BD1EC09C7000F78A24 /* Products */ = {
			isa = PBXGroup;
			children = (
				D22E63BC1EC09C7000F78A24 /* TaskApp3.app */,
			);
			name = Products;
			sourceTree = "<group>";
		};
		D22E63BE1EC09C7000F78A24 /* TaskApp3 */ = {
			isa = PBXGroup;
			children = (
				D22E63BF1EC09C7000F78A24 /* AppDelegate.swift */,
				D22E63C11EC09C7000F78A24 /* ViewController.swift */,
				D22E63C31EC09C7000F78A24 /* Main.storyboard */,
				D22E63C61EC09C7000F78A24 /* Assets.xcassets */,
				D22E63C81EC09C7000F78A24 /* LaunchScreen.storyboard */,
				D22E63CB1EC09C7000F78A24 /* Info.plist */,
			);
			path = TaskApp3;
			sourceTree = "<group>";
		};
/* End PBXGroup section */

/* Begin PBXNativeTarget section */
		D22E63BB1EC09C7000F78A24 /* TaskApp3 */ = {
			isa = PBXNativeTarget;
			buildConfigurationList = D22E63CE1EC09C7000F78A24 /* Build configuration list for PBXNativeTarget "TaskApp3" */;
			buildPhases = (
				D22E63B81EC09C7000F78A24 /* Sources */,
				D22E63B91EC09C7000F78A24 /* Frameworks */,
				D22E63BA1EC09C7000F78A24 /* Resources */,
			);
			buildRules = (
			);
			dependencies = (
			);
			name = TaskApp3;
			productName = TaskApp3;
			productReference = D22E63BC1EC09C7000F78A24 /* TaskApp3.app */;
			productType = "com.apple.product-type.application";
		};
/* End PBXNativeTarget section */

/* Begin PBXProject section */
		D22E63B41EC09C7000F78A24 /* Project object */ = {
			isa = PBXProject;
			attributes = {
				LastSwiftUpdateCheck = 0830;
				LastUpgradeCheck = 0830;
				ORGANIZATIONNAME = taiki.itou;
				TargetAttributes = {
					D22E63BB1EC09C7000F78A24 = {
						CreatedOnToolsVersion = 8.3.1;
						ProvisioningStyle = Automatic;
					};
				};
			};
			buildConfigurationList = D22E63B71EC09C7000F78A24 /* Build configuration list for PBXProject "TaskApp3" */;
			compatibilityVersion = "Xcode 3.2";
			developmentRegion = English;
			hasScannedForEncodings = 0;
			knownRegions = (
				en,
				Base,
			);
			mainGroup = D22E63B31EC09C7000F78A24;
			productRefGroup = D22E63BD1EC09C7000F78A24 /* Products */;
			projectDirPath = "";
			projectRoot = "";
			targets = (
				D22E63BB1EC09C7000F78A24 /* TaskApp3 */,
			);
		};
/* End PBXProject section */

/* Begin PBXResourcesBuildPhase section */
		D22E63BA1EC09C7000F78A24 /* Resources */ = {
			isa = PBXResourcesBuildPhase;
			buildActionMask = 2147483647;
			files = (
				D22E63CA1EC09C7000F78A24 /* LaunchScreen.storyboard in Resources */,
				D22E63C71EC09C7000F78A24 /* Assets.xcassets in Resources */,
				D22E63C51EC09C7000F78A24 /* Main.storyboard in Resources */,
			);
			runOnlyForDeploymentPostprocessing = 0;
		};
/* End PBXResourcesBuildPhase section */

/* Begin PBXSourcesBuildPhase section */
		D22E63B81EC09C7000F78A24 /* Sources */ = {
			isa = PBXSourcesBuildPhase;
			buildActionMask = 2147483647;
			files = (
				D22E63C21EC09C7000F78A24 /* ViewController.swift in Sources */,
				D22E63C01EC09C7000F78A24 /* AppDelegate.swift in Sources */,
			);
			runOnlyForDeploymentPostprocessing = 0;
		};
/* End PBXSourcesBuildPhase section */

/* Begin PBXVariantGroup section */
		D22E63C31EC09C7000F78A24 /* Main.storyboard */ = {
			isa = PBXVariantGroup;
			children = (
				D22E63C41EC09C7000F78A24 /* Base */,
			);
			name = Main.storyboard;
			sourceTree = "<group>";
		};
		D22E63C81EC09C7000F78A24 /* LaunchScreen.storyboard */ = {
			isa = PBXVariantGroup;
			children = (
				D22E63C91EC09C7000F78A24 /* Base */,
			);
			name = LaunchScreen.storyboard;
			sourceTree = "<group>";
		};
/* End PBXVariantGroup section */

/* Begin XCBuildConfiguration section */
		D22E63CC1EC09C7000F78A24 /* Debug */ = {
			isa = XCBuildConfiguration;
			buildSettings = {
				ALWAYS_SEARCH_USER_PATHS = NO;
				CLANG_ANALYZER_NONNULL = YES;
				CLANG_ANALYZER_NUMBER_OBJECT_CONVERSION = YES_AGGRESSIVE;
				CLANG_CXX_LANGUAGE_STANDARD = "gnu++0x";
				CLANG_CXX_LIBRARY = "libc++";
				CLANG_ENABLE_MODULES = YES;
				CLANG_ENABLE_OBJC_ARC = YES;
				CLANG_WARN_BOOL_CONVERSION = YES;
				CLANG_WARN_CONSTANT_CONVERSION = YES;
				CLANG_WARN_DIRECT_OBJC_ISA_USAGE = YES_ERROR;
				CLANG_WARN_DOCUMENTATION_COMMENTS = YES;
				CLANG_WARN_EMPTY_BODY = YES;
				CLANG_WARN_ENUM_CONVERSION = YES;
				CLANG_WARN_INFINITE_RECURSION = YES;
				CLANG_WARN_INT_CONVERSION = YES;
				CLANG_WARN_OBJC_ROOT_CLASS = YES_ERROR;
				CLANG_WARN_SUSPICIOUS_MOVE = YES;
				CLANG_WARN_UNREACHABLE_CODE = YES;
				CLANG_WARN__DUPLICATE_METHOD_MATCH = YES;
				"CODE_SIGN_IDENTITY[sdk=iphoneos*]" = "iPhone Developer";
				COPY_PHASE_STRIP = NO;
				DEBUG_INFORMATION_FORMAT = dwarf;
				ENABLE_STRICT_OBJC_MSGSEND = YES;
				ENABLE_TESTABILITY = YES;
				GCC_C_LANGUAGE_STANDARD = gnu99;
				GCC_DYNAMIC_NO_PIC = NO;
				GCC_NO_COMMON_BLOCKS = YES;
				GCC_OPTIMIZATION_LEVEL = 0;
				GCC_PREPROCESSOR_DEFINITIONS = (
					"DEBUG=1",
					"$(inherited)",
				);
				GCC_WARN_64_TO_32_BIT_CONVERSION = YES;
				GCC_WARN_ABOUT_RETURN_TYPE = YES_ERROR;
				GCC_WARN_UNDECLARED_SELECTOR = YES;
				GCC_WARN_UNINITIALIZED_AUTOS = YES_AGGRESSIVE;
				GCC_WARN_UNUSED_FUNCTION = YES;
				GCC_WARN_UNUSED_VARIABLE = YES;
				IPHONEOS_DEPLOYMENT_TARGET = 10.3;
				MTL_ENABLE_DEBUG_INFO = YES;
				ONLY_ACTIVE_ARCH = YES;
				SDKROOT = iphoneos;
				SWIFT_ACTIVE_COMPILATION_CONDITIONS = DEBUG;
				SWIFT_OPTIMIZATION_LEVEL = "-Onone";
			};
			name = Debug;
		};
		D22E63CD1EC09C7000F78A24 /* Release */ = {
			isa = XCBuildConfiguration;
			buildSettings = {
				ALWAYS_SEARCH_USER_PATHS = NO;
				CLANG_ANALYZER_NONNULL = YES;
				CLANG_ANALYZER_NUMBER_OBJECT_CONVERSION = YES_AGGRESSIVE;
				CLANG_CXX_LANGUAGE_STANDARD = "gnu++0x";
				CLANG_CXX_LIBRARY = "libc++";
				CLANG_ENABLE_MODULES = YES;
				CLANG_ENABLE_OBJC_ARC = YES;
				CLANG_WARN_BOOL_CONVERSION = YES;
				CLANG_WARN_CONSTANT_CONVERSION = YES;
				CLANG_WARN_DIRECT_OBJC_ISA_USAGE = YES_ERROR;
				CLANG_WARN_DOCUMENTATION_COMMENTS = YES;
				CLANG_WARN_EMPTY_BODY = YES;
				CLANG_WARN_ENUM_CONVERSION = YES;
				CLANG_WARN_INFINITE_RECURSION = YES;
				CLANG_WARN_INT_CONVERSION = YES;
				CLANG_WARN_OBJC_ROOT_CLASS = YES_ERROR;
				CLANG_WARN_SUSPICIOUS_MOVE = YES;
				CLANG_WARN_UNREACHABLE_CODE = YES;
				CLANG_WARN__DUPLICATE_METHOD_MATCH = YES;
				"CODE_SIGN_IDENTITY[sdk=iphoneos*]" = "iPhone Developer";
				COPY_PHASE_STRIP = NO;
				DEBUG_INFORMATION_FORMAT = "dwarf-with-dsym";
				ENABLE_NS_ASSERTIONS = NO;
				ENABLE_STRICT_OBJC_MSGSEND = YES;
				GCC_C_LANGUAGE_STANDARD = gnu99;
				GCC_NO_COMMON_BLOCKS = YES;
				GCC_WARN_64_TO_32_BIT_CONVERSION = YES;
				GCC_WARN_ABOUT_RETURN_TYPE = YES_ERROR;
				GCC_WARN_UNDECLARED_SELECTOR = YES;
				GCC_WARN_UNINITIALIZED_AUTOS = YES_AGGRESSIVE;
				GCC_WARN_UNUSED_FUNCTION = YES;
				GCC_WARN_UNUSED_VARIABLE = YES;
				IPHONEOS_DEPLOYMENT_TARGET = 10.3;
				MTL_ENABLE_DEBUG_INFO = NO;
				SDKROOT = iphoneos;
				SWIFT_OPTIMIZATION_LEVEL = "-Owholemodule";
				VALIDATE_PRODUCT = YES;
			};
			name = Release;
		};
		D22E63CF1EC09C7000F78A24 /* Debug */ = {
			isa = XCBuildConfiguration;
			buildSettings = {
				ASSETCATALOG_COMPILER_APPICON_NAME = AppIcon;
				INFOPLIST_FILE = TaskApp3/Info.plist;
				LD_RUNPATH_SEARCH_PATHS = "$(inherited) @executable_path/Frameworks";
				PRODUCT_BUNDLE_IDENTIFIER = jp.techacademy.taiki.itou.TaskApp3;
				PRODUCT_NAME = "$(TARGET_NAME)";
				SWIFT_VERSION = 3.0;
			};
			name = Debug;
		};
		D22E63D01EC09C7000F78A24 /* Release */ = {
			isa = XCBuildConfiguration;
			buildSettings = {
				ASSETCATALOG_COMPILER_APPICON_NAME = AppIcon;
				INFOPLIST_FILE = TaskApp3/Info.plist;
				LD_RUNPATH_SEARCH_PATHS = "$(inherited) @executable_path/Frameworks";
				PRODUCT_BUNDLE_IDENTIFIER = jp.techacademy.taiki.itou.TaskApp3;
				PRODUCT_NAME = "$(TARGET_NAME)";
				SWIFT_VERSION = 3.0;
			};
			name = Release;
		};
/* End XCBuildConfiguration section */

/* Begin XCConfigurationList section */
		D22E63B71EC09C7000F78A24 /* Build configuration list for PBXProject "TaskApp3" */ = {
			isa = XCConfigurationList;
			buildConfigurations = (
				D22E63CC1EC09C7000F78A24 /* Debug */,
				D22E63CD1EC09C7000F78A24 /* Release */,
			);
			defaultConfigurationIsVisible = 0;
			defaultConfigurationName = Release;
		};
		D22E63CE1EC09C7000F78A24 /* Build configuration list for PBXNativeTarget "TaskApp3" */ = {
			isa = XCConfigurationList;
			buildConfigurations = (
				D22E63CF1EC09C7000F78A24 /* Debug */,
				D22E63D01EC09C7000F78A24 /* Release */,
			);
			defaultConfigurationIsVisible = 0;
		};
/* End XCConfigurationList section */
	};
	rootObject = D22E63B41EC09C7000F78A24 /* Project object */;
}
